
Microsoft Visual Studio Solution File, Format Version 12.00
# Visual Studio Version 17
VisualStudioVersion = 17.14.36616.10
MinimumVisualStudioVersion = 10.0.40219.1
Project("{FAE04EC0-301F-11D3-BF4B-00C04F79EFBC}") = "eAppointment.Domain", "eAppointment.Domain\eAppointment.Domain.csproj", "{141B5073-0217-438B-9AEA-BEA50936A921}"
EndProject
Project("{FAE04EC0-301F-11D3-BF4B-00C04F79EFBC}") = "eAppointment.Application", "eAppointment.Application\eAppointment.Application.csproj", "{95462665-50ED-488F-BA35-06B6B7FA3286}"
EndProject
Project("{FAE04EC0-301F-11D3-BF4B-00C04F79EFBC}") = "eAppointment.Infrastructure", "eAppointment.Infrastructure\eAppointment.Infrastructure.csproj", "{64BD374C-67FB-4A07-ADF9-DD2CF527C22A}"
EndProject
Project("{FAE04EC0-301F-11D3-BF4B-00C04F79EFBC}") = "eAppointment.WebAPI", "eAppointment.WebAPI\eAppointment.WebAPI.csproj", "{059A807D-80ED-446C-BACA-D9DE086E9E53}"
EndProject
Global
	GlobalSection(SolutionConfigurationPlatforms) = preSolution
		Debug|Any CPU = Debug|Any CPU
		Release|Any CPU = Release|Any CPU
	EndGlobalSection
	GlobalSection(ProjectConfigurationPlatforms) = postSolution
		{141B5073-0217-438B-9AEA-BEA50936A921}.Debug|Any CPU.ActiveCfg = Debug|Any CPU
		{141B5073-0217-438B-9AEA-BEA50936A921}.Debug|Any CPU.Build.0 = Debug|Any CPU
		{141B5073-0217-438B-9AEA-BEA50936A921}.Release|Any CPU.ActiveCfg = Release|Any CPU
		{141B5073-0217-438B-9AEA-BEA50936A921}.Release|Any CPU.Build.0 = Release|Any CPU
		{95462665-50ED-488F-BA35-06B6B7FA3286}.Debug|Any CPU.ActiveCfg = Debug|Any CPU
		{95462665-50ED-488F-BA35-06B6B7FA3286}.Debug|Any CPU.Build.0 = Debug|Any CPU
		{95462665-50ED-488F-BA35-06B6B7FA3286}.Release|Any CPU.ActiveCfg = Release|Any CPU
		{95462665-50ED-488F-BA35-06B6B7FA3286}.Release|Any CPU.Build.0 = Release|Any CPU
		{64BD374C-67FB-4A07-ADF9-DD2CF527C22A}.Debug|Any CPU.ActiveCfg = Debug|Any CPU
		{64BD374C-67FB-4A07-ADF9-DD2CF527C22A}.Debug|Any CPU.Build.0 = Debug|Any CPU
		{64BD374C-67FB-4A07-ADF9-DD2CF527C22A}.Release|Any CPU.ActiveCfg = Release|Any CPU
		{64BD374C-67FB-4A07-ADF9-DD2CF527C22A}.Release|Any CPU.Build.0 = Release|Any CPU
		{059A807D-80ED-446C-BACA-D9DE086E9E53}.Debug|Any CPU.ActiveCfg = Debug|Any CPU
		{059A807D-80ED-446C-BACA-D9DE086E9E53}.Debug|Any CPU.Build.0 = Debug|Any CPU
		{059A807D-80ED-446C-BACA-D9DE086E9E53}.Release|Any CPU.ActiveCfg = Release|Any CPU
		{059A807D-80ED-446C-BACA-D9DE086E9E53}.Release|Any CPU.Build.0 = Release|Any CPU
	EndGlobalSection
	GlobalSection(SolutionProperties) = preSolution
		HideSolutionNode = FALSE
	EndGlobalSection
	GlobalSection(ExtensibilityGlobals) = postSolution
		SolutionGuid = {74996D62-BD63-4FEB-9183-A070C6797E9F}
	EndGlobalSection
EndGlobal
